{
  "name": "playlist-manager-frontend",
  "version": "1.0.0",
  "lockfileVersion": 3,
  "requires": true,
  "packages": {
    "": {
      "name": "playlist-manager-frontend",
      "version": "1.0.0",
      "license": "ISC",
      "dependencies": {
        "@spotify/web-api-ts-sdk": "^1.2.0"
      }
    },
    "node_modules/@spotify/web-api-ts-sdk": {
      "version": "1.2.0",
      "resolved": "https://registry.npmjs.org/@spotify/web-api-ts-sdk/-/web-api-ts-sdk-1.2.0.tgz",
      "integrity": "sha512-JUaebva3Ohwo5I5tuTqyW/FKGOMbb40YevJMySAOINRxP7qQ/AMjBzfJx0zeO6yS+wAPfQSoGNsZaUggHw8vsA=="
    }
  }
}
